// !$*UTF8*$!
{
	archiveVersion = 1;
	classes = {
	};
	objectVersion = 46;
	objects = {

/* Begin PBXBuildFile section */
		0F275AEC21D44DA9B73D7F95 /* DINPro-MediumItalic.ttf in Resources */ = {isa = PBXBuildFile; fileRef = 46278052B99E4290BF85BEC1 /* DINPro-MediumItalic.ttf */; };
		13B07FBC1A68108700A75B9A /* AppDelegate.mm in Sources */ = {isa = PBXBuildFile; fileRef = 13B07FB01A68108700A75B9A /* AppDelegate.mm */; };
		13B07FBF1A68108700A75B9A /* Images.xcassets in Resources */ = {isa = PBXBuildFile; fileRef = 13B07FB51A68108700A75B9A /* Images.xcassets */; };
		13B07FC11A68108700A75B9A /* main.m in Sources */ = {isa = PBXBuildFile; fileRef = 13B07FB71A68108700A75B9A /* main.m */; };
		3E461D99554A48A4959DE609 /* SplashScreen.storyboard in Resources */ = {isa = PBXBuildFile; fileRef = AA286B85B6C04FC6940260E9 /* SplashScreen.storyboard */; };
		3ECEEF106BB44AFE928D2104 /* DINPro-Bold.ttf in Resources */ = {isa = PBXBuildFile; fileRef = 8D4DCB3EAE284A55A356C4C3 /* DINPro-Bold.ttf */; };
		453C7540925342BC873EF384 /* DINPro-CondBoldIta.ttf in Resources */ = {isa = PBXBuildFile; fileRef = 4FCC2AE9441F454DB4D9EA2A /* DINPro-CondBoldIta.ttf */; };
		495B0E88D7C948258B3410B5 /* DINPro-Medium.ttf in Resources */ = {isa = PBXBuildFile; fileRef = 1391D05434864B549829156D /* DINPro-Medium.ttf */; };
		53D75C82645D4042A2279E6D /* DINPro-CondIta.ttf in Resources */ = {isa = PBXBuildFile; fileRef = 74D1CECF65BC40C4B76B8090 /* DINPro-CondIta.ttf */; };
		58A3B1443FBD48538F3993C6 /* DINPro-Light.ttf in Resources */ = {isa = PBXBuildFile; fileRef = 76B4841408804DDDA9728F67 /* DINPro-Light.ttf */; };
		723F89E9529249E7BCB1D8BC /* DINPro-CondMediIta.ttf in Resources */ = {isa = PBXBuildFile; fileRef = 5DA6DA9FC8FB4903BB2484EA /* DINPro-CondMediIta.ttf */; };
		73ECEA738B724ACD9D8F7C60 /* DINPro.ttf in Resources */ = {isa = PBXBuildFile; fileRef = DBEA2C669D16467D9AF54F04 /* DINPro.ttf */; };
		86421265CBAB4F85A456647A /* DINPro-Black.ttf in Resources */ = {isa = PBXBuildFile; fileRef = 41FEAD9159F749F08A4D926B /* DINPro-Black.ttf */; };
		8A49E69F94F24417BC54C9DC /* DINPro-BoldItalic.ttf in Resources */ = {isa = PBXBuildFile; fileRef = FC83FB44AEDA45FFBD2325D1 /* DINPro-BoldItalic.ttf */; };
		8AEC18FF7FF343DB9B4F09E4 /* DINPro-CondBold.ttf in Resources */ = {isa = PBXBuildFile; fileRef = 3CAC4DDF6CDF4154AECD63CB /* DINPro-CondBold.ttf */; };
		8B1CA2ECAC3D4873858EC094 /* DINPro-CondBlackIta.ttf in Resources */ = {isa = PBXBuildFile; fileRef = D87FCDFB76C449E086790903 /* DINPro-CondBlackIta.ttf */; };
		8EE3E0209DFF5844E4619862 /* PrivacyInfo.xcprivacy in Resources */ = {isa = PBXBuildFile; fileRef = 9FAACA8D1DBF9C16F7FC751D /* PrivacyInfo.xcprivacy */; };
		96905EF65AED1B983A6B3ABC /* libPods-tsgcalendartest.a in Frameworks */ = {isa = PBXBuildFile; fileRef = 58EEBF8E8E6FB1BC6CAF49B5 /* libPods-tsgcalendartest.a */; };
		AF2F9D83387549EDA225B06E /* DINPro-CondLightIta.ttf in Resources */ = {isa = PBXBuildFile; fileRef = 4DF48249D1D04A21A95FB53D /* DINPro-CondLightIta.ttf */; };
		B18059E884C0ABDD17F3DC3D /* ExpoModulesProvider.swift in Sources */ = {isa = PBXBuildFile; fileRef = FAC715A2D49A985799AEE119 /* ExpoModulesProvider.swift */; };
		BA2C1A47805B46F880B37108 /* DINPro-CondMedium.ttf in Resources */ = {isa = PBXBuildFile; fileRef = 95BF1D5766904715B29A0A39 /* DINPro-CondMedium.ttf */; };
		BB165A6E7E624FDE8631DFD0 /* DINPro-BlackItalic.ttf in Resources */ = {isa = PBXBuildFile; fileRef = E67CEC86C16A4799BEAC336C /* DINPro-BlackItalic.ttf */; };
		BB2F792D24A3F905000567C9 /* Expo.plist in Resources */ = {isa = PBXBuildFile; fileRef = BB2F792C24A3F905000567C9 /* Expo.plist */; };
		C483AEA6E6094539996C6EDF /* DINPro-Cond.ttf in Resources */ = {isa = PBXBuildFile; fileRef = 213E9F6DCE3245D5AD83C675 /* DINPro-Cond.ttf */; };
		CF6056BFCDBD4E7FB7A79F33 /* DINPro-Italic.ttf in Resources */ = {isa = PBXBuildFile; fileRef = 667CDEDCFC6143518BC9F3FB /* DINPro-Italic.ttf */; };
		E2E35E7C5D954A95A88AEF11 /* DINPro-LightItalic.ttf in Resources */ = {isa = PBXBuildFile; fileRef = 09B85AB60E1C497C8743968D /* DINPro-LightItalic.ttf */; };
		EBD5D891DDFB4275B9DCD16E /* DINPro-CondBlack.ttf in Resources */ = {isa = PBXBuildFile; fileRef = 43F0CBE82984400EA68DAEE6 /* DINPro-CondBlack.ttf */; };
		FCCBC14A61024ECB95E17E3E /* DINPro-CondLight.ttf in Resources */ = {isa = PBXBuildFile; fileRef = F5F5BF34D7F04DEA8E1201B5 /* DINPro-CondLight.ttf */; };
/* End PBXBuildFile section */

/* Begin PBXFileReference section */
		09B85AB60E1C497C8743968D /* DINPro-LightItalic.ttf */ = {isa = PBXFileReference; explicitFileType = undefined; fileEncoding = undefined; includeInIndex = 0; lastKnownFileType = unknown; name = "DINPro-LightItalic.ttf"; path = "../assets/fonts/DINPro-LightItalic.ttf"; sourceTree = "<group>"; };
		1391D05434864B549829156D /* DINPro-Medium.ttf */ = {isa = PBXFileReference; explicitFileType = undefined; fileEncoding = undefined; includeInIndex = 0; lastKnownFileType = unknown; name = "DINPro-Medium.ttf"; path = "../assets/fonts/DINPro-Medium.ttf"; sourceTree = "<group>"; };
		13B07F961A680F5B00A75B9A /* tsgcalendartest.app */ = {isa = PBXFileReference; explicitFileType = wrapper.application; includeInIndex = 0; path = tsgcalendartest.app; sourceTree = BUILT_PRODUCTS_DIR; };
		13B07FAF1A68108700A75B9A /* AppDelegate.h */ = {isa = PBXFileReference; fileEncoding = 4; lastKnownFileType = sourcecode.c.h; name = AppDelegate.h; path = tsgcalendartest/AppDelegate.h; sourceTree = "<group>"; };
		13B07FB01A68108700A75B9A /* AppDelegate.mm */ = {isa = PBXFileReference; fileEncoding = 4; lastKnownFileType = sourcecode.cpp.objcpp; name = AppDelegate.mm; path = tsgcalendartest/AppDelegate.mm; sourceTree = "<group>"; };
		13B07FB51A68108700A75B9A /* Images.xcassets */ = {isa = PBXFileReference; lastKnownFileType = folder.assetcatalog; name = Images.xcassets; path = tsgcalendartest/Images.xcassets; sourceTree = "<group>"; };
		13B07FB61A68108700A75B9A /* Info.plist */ = {isa = PBXFileReference; fileEncoding = 4; lastKnownFileType = text.plist.xml; name = Info.plist; path = tsgcalendartest/Info.plist; sourceTree = "<group>"; };
		13B07FB71A68108700A75B9A /* main.m */ = {isa = PBXFileReference; fileEncoding = 4; lastKnownFileType = sourcecode.c.objc; name = main.m; path = tsgcalendartest/main.m; sourceTree = "<group>"; };
		213E9F6DCE3245D5AD83C675 /* DINPro-Cond.ttf */ = {isa = PBXFileReference; explicitFileType = undefined; fileEncoding = undefined; includeInIndex = 0; lastKnownFileType = unknown; name = "DINPro-Cond.ttf"; path = "../assets/fonts/DINPro-Cond.ttf"; sourceTree = "<group>"; };
		3CAC4DDF6CDF4154AECD63CB /* DINPro-CondBold.ttf */ = {isa = PBXFileReference; explicitFileType = undefined; fileEncoding = undefined; includeInIndex = 0; lastKnownFileType = unknown; name = "DINPro-CondBold.ttf"; path = "../assets/fonts/DINPro-CondBold.ttf"; sourceTree = "<group>"; };
		41FEAD9159F749F08A4D926B /* DINPro-Black.ttf */ = {isa = PBXFileReference; explicitFileType = undefined; fileEncoding = undefined; includeInIndex = 0; lastKnownFileType = unknown; name = "DINPro-Black.ttf"; path = "../assets/fonts/DINPro-Black.ttf"; sourceTree = "<group>"; };
		43F0CBE82984400EA68DAEE6 /* DINPro-CondBlack.ttf */ = {isa = PBXFileReference; explicitFileType = undefined; fileEncoding = undefined; includeInIndex = 0; lastKnownFileType = unknown; name = "DINPro-CondBlack.ttf"; path = "../assets/fonts/DINPro-CondBlack.ttf"; sourceTree = "<group>"; };
		46278052B99E4290BF85BEC1 /* DINPro-MediumItalic.ttf */ = {isa = PBXFileReference; explicitFileType = undefined; fileEncoding = undefined; includeInIndex = 0; lastKnownFileType = unknown; name = "DINPro-MediumItalic.ttf"; path = "../assets/fonts/DINPro-MediumItalic.ttf"; sourceTree = "<group>"; };
		4DF48249D1D04A21A95FB53D /* DINPro-CondLightIta.ttf */ = {isa = PBXFileReference; explicitFileType = undefined; fileEncoding = undefined; includeInIndex = 0; lastKnownFileType = unknown; name = "DINPro-CondLightIta.ttf"; path = "../assets/fonts/DINPro-CondLightIta.ttf"; sourceTree = "<group>"; };
		4FCC2AE9441F454DB4D9EA2A /* DINPro-CondBoldIta.ttf */ = {isa = PBXFileReference; explicitFileType = undefined; fileEncoding = undefined; includeInIndex = 0; lastKnownFileType = unknown; name = "DINPro-CondBoldIta.ttf"; path = "../assets/fonts/DINPro-CondBoldIta.ttf"; sourceTree = "<group>"; };
		58EEBF8E8E6FB1BC6CAF49B5 /* libPods-tsgcalendartest.a */ = {isa = PBXFileReference; explicitFileType = archive.ar; includeInIndex = 0; path = "libPods-tsgcalendartest.a"; sourceTree = BUILT_PRODUCTS_DIR; };
		5DA6DA9FC8FB4903BB2484EA /* DINPro-CondMediIta.ttf */ = {isa = PBXFileReference; explicitFileType = undefined; fileEncoding = undefined; includeInIndex = 0; lastKnownFileType = unknown; name = "DINPro-CondMediIta.ttf"; path = "../assets/fonts/DINPro-CondMediIta.ttf"; sourceTree = "<group>"; };
		667CDEDCFC6143518BC9F3FB /* DINPro-Italic.ttf */ = {isa = PBXFileReference; explicitFileType = undefined; fileEncoding = undefined; includeInIndex = 0; lastKnownFileType = unknown; name = "DINPro-Italic.ttf"; path = "../assets/fonts/DINPro-Italic.ttf"; sourceTree = "<group>"; };
		6C2E3173556A471DD304B334 /* Pods-tsgcalendartest.debug.xcconfig */ = {isa = PBXFileReference; includeInIndex = 1; lastKnownFileType = text.xcconfig; name = "Pods-tsgcalendartest.debug.xcconfig"; path = "Target Support Files/Pods-tsgcalendartest/Pods-tsgcalendartest.debug.xcconfig"; sourceTree = "<group>"; };
		74D1CECF65BC40C4B76B8090 /* DINPro-CondIta.ttf */ = {isa = PBXFileReference; explicitFileType = undefined; fileEncoding = undefined; includeInIndex = 0; lastKnownFileType = unknown; name = "DINPro-CondIta.ttf"; path = "../assets/fonts/DINPro-CondIta.ttf"; sourceTree = "<group>"; };
		76B4841408804DDDA9728F67 /* DINPro-Light.ttf */ = {isa = PBXFileReference; explicitFileType = undefined; fileEncoding = undefined; includeInIndex = 0; lastKnownFileType = unknown; name = "DINPro-Light.ttf"; path = "../assets/fonts/DINPro-Light.ttf"; sourceTree = "<group>"; };
		7A4D352CD337FB3A3BF06240 /* Pods-tsgcalendartest.release.xcconfig */ = {isa = PBXFileReference; includeInIndex = 1; lastKnownFileType = text.xcconfig; name = "Pods-tsgcalendartest.release.xcconfig"; path = "Target Support Files/Pods-tsgcalendartest/Pods-tsgcalendartest.release.xcconfig"; sourceTree = "<group>"; };
		8D4DCB3EAE284A55A356C4C3 /* DINPro-Bold.ttf */ = {isa = PBXFileReference; explicitFileType = undefined; fileEncoding = undefined; includeInIndex = 0; lastKnownFileType = unknown; name = "DINPro-Bold.ttf"; path = "../assets/fonts/DINPro-Bold.ttf"; sourceTree = "<group>"; };
		95BF1D5766904715B29A0A39 /* DINPro-CondMedium.ttf */ = {isa = PBXFileReference; explicitFileType = undefined; fileEncoding = undefined; includeInIndex = 0; lastKnownFileType = unknown; name = "DINPro-CondMedium.ttf"; path = "../assets/fonts/DINPro-CondMedium.ttf"; sourceTree = "<group>"; };
		9FAACA8D1DBF9C16F7FC751D /* PrivacyInfo.xcprivacy */ = {isa = PBXFileReference; includeInIndex = 1; name = PrivacyInfo.xcprivacy; path = tsgcalendartest/PrivacyInfo.xcprivacy; sourceTree = "<group>"; };
		AA286B85B6C04FC6940260E9 /* SplashScreen.storyboard */ = {isa = PBXFileReference; fileEncoding = 4; lastKnownFileType = file.storyboard; name = SplashScreen.storyboard; path = tsgcalendartest/SplashScreen.storyboard; sourceTree = "<group>"; };
		BB2F792C24A3F905000567C9 /* Expo.plist */ = {isa = PBXFileReference; fileEncoding = 4; lastKnownFileType = text.plist.xml; path = Expo.plist; sourceTree = "<group>"; };
		D87FCDFB76C449E086790903 /* DINPro-CondBlackIta.ttf */ = {isa = PBXFileReference; explicitFileType = undefined; fileEncoding = undefined; includeInIndex = 0; lastKnownFileType = unknown; name = "DINPro-CondBlackIta.ttf"; path = "../assets/fonts/DINPro-CondBlackIta.ttf"; sourceTree = "<group>"; };
		DBEA2C669D16467D9AF54F04 /* DINPro.ttf */ = {isa = PBXFileReference; explicitFileType = undefined; fileEncoding = undefined; includeInIndex = 0; lastKnownFileType = unknown; name = DINPro.ttf; path = ../assets/fonts/DINPro.ttf; sourceTree = "<group>"; };
		E67CEC86C16A4799BEAC336C /* DINPro-BlackItalic.ttf */ = {isa = PBXFileReference; explicitFileType = undefined; fileEncoding = undefined; includeInIndex = 0; lastKnownFileType = unknown; name = "DINPro-BlackItalic.ttf"; path = "../assets/fonts/DINPro-BlackItalic.ttf"; sourceTree = "<group>"; };
		ED297162215061F000B7C4FE /* JavaScriptCore.framework */ = {isa = PBXFileReference; lastKnownFileType = wrapper.framework; name = JavaScriptCore.framework; path = System/Library/Frameworks/JavaScriptCore.framework; sourceTree = SDKROOT; };
		F5F5BF34D7F04DEA8E1201B5 /* DINPro-CondLight.ttf */ = {isa = PBXFileReference; explicitFileType = undefined; fileEncoding = undefined; includeInIndex = 0; lastKnownFileType = unknown; name = "DINPro-CondLight.ttf"; path = "../assets/fonts/DINPro-CondLight.ttf"; sourceTree = "<group>"; };
		FAC715A2D49A985799AEE119 /* ExpoModulesProvider.swift */ = {isa = PBXFileReference; includeInIndex = 1; lastKnownFileType = sourcecode.swift; name = ExpoModulesProvider.swift; path = "Pods/Target Support Files/Pods-tsgcalendartest/ExpoModulesProvider.swift"; sourceTree = "<group>"; };
		FC83FB44AEDA45FFBD2325D1 /* DINPro-BoldItalic.ttf */ = {isa = PBXFileReference; explicitFileType = undefined; fileEncoding = undefined; includeInIndex = 0; lastKnownFileType = unknown; name = "DINPro-BoldItalic.ttf"; path = "../assets/fonts/DINPro-BoldItalic.ttf"; sourceTree = "<group>"; };
/* End PBXFileReference section */

/* Begin PBXFrameworksBuildPhase section */
		13B07F8C1A680F5B00A75B9A /* Frameworks */ = {
			isa = PBXFrameworksBuildPhase;
			buildActionMask = 2147483647;
			files = (
				96905EF65AED1B983A6B3ABC /* libPods-tsgcalendartest.a in Frameworks */,
			);
			runOnlyForDeploymentPostprocessing = 0;
		};
/* End PBXFrameworksBuildPhase section */

/* Begin PBXGroup section */
		13B07FAE1A68108700A75B9A /* tsgcalendartest */ = {
			isa = PBXGroup;
			children = (
				BB2F792B24A3F905000567C9 /* Supporting */,
				13B07FAF1A68108700A75B9A /* AppDelegate.h */,
				13B07FB01A68108700A75B9A /* AppDelegate.mm */,
				13B07FB51A68108700A75B9A /* Images.xcassets */,
				13B07FB61A68108700A75B9A /* Info.plist */,
				13B07FB71A68108700A75B9A /* main.m */,
				AA286B85B6C04FC6940260E9 /* SplashScreen.storyboard */,
				9FAACA8D1DBF9C16F7FC751D /* PrivacyInfo.xcprivacy */,
			);
			name = tsgcalendartest;
			sourceTree = "<group>";
		};
		2D16E6871FA4F8E400B85C8A /* Frameworks */ = {
			isa = PBXGroup;
			children = (
				ED297162215061F000B7C4FE /* JavaScriptCore.framework */,
				58EEBF8E8E6FB1BC6CAF49B5 /* libPods-tsgcalendartest.a */,
			);
			name = Frameworks;
			sourceTree = "<group>";
		};
		77B655E9AAE5447F87B05DB1 /* Resources */ = {
			isa = PBXGroup;
			children = (
				41FEAD9159F749F08A4D926B /* DINPro-Black.ttf */,
				E67CEC86C16A4799BEAC336C /* DINPro-BlackItalic.ttf */,
				8D4DCB3EAE284A55A356C4C3 /* DINPro-Bold.ttf */,
				FC83FB44AEDA45FFBD2325D1 /* DINPro-BoldItalic.ttf */,
				213E9F6DCE3245D5AD83C675 /* DINPro-Cond.ttf */,
				43F0CBE82984400EA68DAEE6 /* DINPro-CondBlack.ttf */,
				D87FCDFB76C449E086790903 /* DINPro-CondBlackIta.ttf */,
				3CAC4DDF6CDF4154AECD63CB /* DINPro-CondBold.ttf */,
				4FCC2AE9441F454DB4D9EA2A /* DINPro-CondBoldIta.ttf */,
				74D1CECF65BC40C4B76B8090 /* DINPro-CondIta.ttf */,
				F5F5BF34D7F04DEA8E1201B5 /* DINPro-CondLight.ttf */,
				4DF48249D1D04A21A95FB53D /* DINPro-CondLightIta.ttf */,
				5DA6DA9FC8FB4903BB2484EA /* DINPro-CondMediIta.ttf */,
				95BF1D5766904715B29A0A39 /* DINPro-CondMedium.ttf */,
				667CDEDCFC6143518BC9F3FB /* DINPro-Italic.ttf */,
				76B4841408804DDDA9728F67 /* DINPro-Light.ttf */,
				09B85AB60E1C497C8743968D /* DINPro-LightItalic.ttf */,
				1391D05434864B549829156D /* DINPro-Medium.ttf */,
				46278052B99E4290BF85BEC1 /* DINPro-MediumItalic.ttf */,
				DBEA2C669D16467D9AF54F04 /* DINPro.ttf */,
			);
			name = Resources;
			path = "";
			sourceTree = "<group>";
		};
		832341AE1AAA6A7D00B99B32 /* Libraries */ = {
			isa = PBXGroup;
			children = (
			);
			name = Libraries;
			sourceTree = "<group>";
		};
		83CBB9F61A601CBA00E9B192 = {
			isa = PBXGroup;
			children = (
				13B07FAE1A68108700A75B9A /* tsgcalendartest */,
				832341AE1AAA6A7D00B99B32 /* Libraries */,
				83CBBA001A601CBA00E9B192 /* Products */,
				2D16E6871FA4F8E400B85C8A /* Frameworks */,
				D65327D7A22EEC0BE12398D9 /* Pods */,
				D7E4C46ADA2E9064B798F356 /* ExpoModulesProviders */,
				77B655E9AAE5447F87B05DB1 /* Resources */,
			);
			indentWidth = 2;
			sourceTree = "<group>";
			tabWidth = 2;
			usesTabs = 0;
		};
		83CBBA001A601CBA00E9B192 /* Products */ = {
			isa = PBXGroup;
			children = (
				13B07F961A680F5B00A75B9A /* tsgcalendartest.app */,
			);
			name = Products;
			sourceTree = "<group>";
		};
		92DBD88DE9BF7D494EA9DA96 /* tsgcalendartest */ = {
			isa = PBXGroup;
			children = (
				FAC715A2D49A985799AEE119 /* ExpoModulesProvider.swift */,
			);
			name = tsgcalendartest;
			sourceTree = "<group>";
		};
		BB2F792B24A3F905000567C9 /* Supporting */ = {
			isa = PBXGroup;
			children = (
				BB2F792C24A3F905000567C9 /* Expo.plist */,
			);
			name = Supporting;
			path = tsgcalendartest/Supporting;
			sourceTree = "<group>";
		};
		D65327D7A22EEC0BE12398D9 /* Pods */ = {
			isa = PBXGroup;
			children = (
				6C2E3173556A471DD304B334 /* Pods-tsgcalendartest.debug.xcconfig */,
				7A4D352CD337FB3A3BF06240 /* Pods-tsgcalendartest.release.xcconfig */,
			);
			path = Pods;
			sourceTree = "<group>";
		};
		D7E4C46ADA2E9064B798F356 /* ExpoModulesProviders */ = {
			isa = PBXGroup;
			children = (
				92DBD88DE9BF7D494EA9DA96 /* tsgcalendartest */,
			);
			name = ExpoModulesProviders;
			sourceTree = "<group>";
		};
/* End PBXGroup section */

/* Begin PBXNativeTarget section */
		13B07F861A680F5B00A75B9A /* tsgcalendartest */ = {
			isa = PBXNativeTarget;
			buildConfigurationList = 13B07F931A680F5B00A75B9A /* Build configuration list for PBXNativeTarget "tsgcalendartest" */;
			buildPhases = (
				08A4A3CD28434E44B6B9DE2E /* [CP] Check Pods Manifest.lock */,
				18DC8E39680375E6DE25CAF2 /* [Expo] Configure project */,
				13B07F871A680F5B00A75B9A /* Sources */,
				13B07F8C1A680F5B00A75B9A /* Frameworks */,
				13B07F8E1A680F5B00A75B9A /* Resources */,
				00DD1BFF1BD5951E006B06BC /* Bundle React Native code and images */,
				800E24972A6A228C8D4807E9 /* [CP] Copy Pods Resources */,
				8121C78716B8DA7612A34AD0 /* [CP] Embed Pods Frameworks */,
			);
			buildRules = (
			);
			dependencies = (
			);
			name = tsgcalendartest;
			productName = tsgcalendartest;
			productReference = 13B07F961A680F5B00A75B9A /* tsgcalendartest.app */;
			productType = "com.apple.product-type.application";
		};
/* End PBXNativeTarget section */

/* Begin PBXProject section */
		83CBB9F71A601CBA00E9B192 /* Project object */ = {
			isa = PBXProject;
			attributes = {
				LastUpgradeCheck = 1130;
				TargetAttributes = {
					13B07F861A680F5B00A75B9A = {
						LastSwiftMigration = 1250;
					};
				};
			};
			buildConfigurationList = 83CBB9FA1A601CBA00E9B192 /* Build configuration list for PBXProject "tsgcalendartest" */;
			compatibilityVersion = "Xcode 3.2";
			developmentRegion = en;
			hasScannedForEncodings = 0;
			knownRegions = (
				en,
				Base,
			);
			mainGroup = 83CBB9F61A601CBA00E9B192;
			productRefGroup = 83CBBA001A601CBA00E9B192 /* Products */;
			projectDirPath = "";
			projectRoot = "";
			targets = (
				13B07F861A680F5B00A75B9A /* tsgcalendartest */,
			);
		};
/* End PBXProject section */

/* Begin PBXResourcesBuildPhase section */
		13B07F8E1A680F5B00A75B9A /* Resources */ = {
			isa = PBXResourcesBuildPhase;
			buildActionMask = 2147483647;
			files = (
				BB2F792D24A3F905000567C9 /* Expo.plist in Resources */,
				13B07FBF1A68108700A75B9A /* Images.xcassets in Resources */,
				3E461D99554A48A4959DE609 /* SplashScreen.storyboard in Resources */,
				8EE3E0209DFF5844E4619862 /* PrivacyInfo.xcprivacy in Resources */,
				86421265CBAB4F85A456647A /* DINPro-Black.ttf in Resources */,
				BB165A6E7E624FDE8631DFD0 /* DINPro-BlackItalic.ttf in Resources */,
				3ECEEF106BB44AFE928D2104 /* DINPro-Bold.ttf in Resources */,
				8A49E69F94F24417BC54C9DC /* DINPro-BoldItalic.ttf in Resources */,
				C483AEA6E6094539996C6EDF /* DINPro-Cond.ttf in Resources */,
				EBD5D891DDFB4275B9DCD16E /* DINPro-CondBlack.ttf in Resources */,
				8B1CA2ECAC3D4873858EC094 /* DINPro-CondBlackIta.ttf in Resources */,
				8AEC18FF7FF343DB9B4F09E4 /* DINPro-CondBold.ttf in Resources */,
				453C7540925342BC873EF384 /* DINPro-CondBoldIta.ttf in Resources */,
				53D75C82645D4042A2279E6D /* DINPro-CondIta.ttf in Resources */,
				FCCBC14A61024ECB95E17E3E /* DINPro-CondLight.ttf in Resources */,
				AF2F9D83387549EDA225B06E /* DINPro-CondLightIta.ttf in Resources */,
				723F89E9529249E7BCB1D8BC /* DINPro-CondMediIta.ttf in Resources */,
				BA2C1A47805B46F880B37108 /* DINPro-CondMedium.ttf in Resources */,
				CF6056BFCDBD4E7FB7A79F33 /* DINPro-Italic.ttf in Resources */,
				58A3B1443FBD48538F3993C6 /* DINPro-Light.ttf in Resources */,
				E2E35E7C5D954A95A88AEF11 /* DINPro-LightItalic.ttf in Resources */,
				495B0E88D7C948258B3410B5 /* DINPro-Medium.ttf in Resources */,
				0F275AEC21D44DA9B73D7F95 /* DINPro-MediumItalic.ttf in Resources */,
				73ECEA738B724ACD9D8F7C60 /* DINPro.ttf in Resources */,
			);
			runOnlyForDeploymentPostprocessing = 0;
		};
/* End PBXResourcesBuildPhase section */

/* Begin PBXShellScriptBuildPhase section */
		00DD1BFF1BD5951E006B06BC /* Bundle React Native code and images */ = {
			isa = PBXShellScriptBuildPhase;
			alwaysOutOfDate = 1;
			buildActionMask = 2147483647;
			files = (
			);
			inputPaths = (
			);
			name = "Bundle React Native code and images";
			outputPaths = (
			);
			runOnlyForDeploymentPostprocessing = 0;
			shellPath = /bin/sh;
			shellScript = "if [[ -f \"$PODS_ROOT/../.xcode.env\" ]]; then\n  source \"$PODS_ROOT/../.xcode.env\"\nfi\nif [[ -f \"$PODS_ROOT/../.xcode.env.local\" ]]; then\n  source \"$PODS_ROOT/../.xcode.env.local\"\nfi\n\n# The project root by default is one level up from the ios directory\nexport PROJECT_ROOT=\"$PROJECT_DIR\"/..\n\nif [[ \"$CONFIGURATION\" = *Debug* ]]; then\n  export SKIP_BUNDLING=1\nfi\nif [[ -z \"$ENTRY_FILE\" ]]; then\n  # Set the entry JS file using the bundler's entry resolution.\n  export ENTRY_FILE=\"$(\"$NODE_BINARY\" -e \"require('expo/scripts/resolveAppEntry')\" \"$PROJECT_ROOT\" ios absolute | tail -n 1)\"\nfi\n\nif [[ -z \"$CLI_PATH\" ]]; then\n  # Use Expo CLI\n  export CLI_PATH=\"$(\"$NODE_BINARY\" --print \"require.resolve('@expo/cli', { paths: [require.resolve('expo/package.json')] })\")\"\nfi\nif [[ -z \"$BUNDLE_COMMAND\" ]]; then\n  # Default Expo CLI command for bundling\n  export BUNDLE_COMMAND=\"export:embed\"\nfi\n\n# Source .xcode.env.updates if it exists to allow\n# SKIP_BUNDLING to be unset if needed\nif [[ -f \"$PODS_ROOT/../.xcode.env.updates\" ]]; then\n  source \"$PODS_ROOT/../.xcode.env.updates\"\nfi\n# Source local changes to allow overrides\n# if needed\nif [[ -f \"$PODS_ROOT/../.xcode.env.local\" ]]; then\n  source \"$PODS_ROOT/../.xcode.env.local\"\nfi\n\n`\"$NODE_BINARY\" --print \"require('path').dirname(require.resolve('react-native/package.json')) + '/scripts/react-native-xcode.sh'\"`\n\n";
		};
		08A4A3CD28434E44B6B9DE2E /* [CP] Check Pods Manifest.lock */ = {
			isa = PBXShellScriptBuildPhase;
			buildActionMask = 2147483647;
			files = (
			);
			inputFileListPaths = (
			);
			inputPaths = (
				"${PODS_PODFILE_DIR_PATH}/Podfile.lock",
				"${PODS_ROOT}/Manifest.lock",
			);
			name = "[CP] Check Pods Manifest.lock";
			outputFileListPaths = (
			);
			outputPaths = (
				"$(DERIVED_FILE_DIR)/Pods-tsgcalendartest-checkManifestLockResult.txt",
			);
			runOnlyForDeploymentPostprocessing = 0;
			shellPath = /bin/sh;
			shellScript = "diff \"${PODS_PODFILE_DIR_PATH}/Podfile.lock\" \"${PODS_ROOT}/Manifest.lock\" > /dev/null\nif [ $? != 0 ] ; then\n    # print error to STDERR\n    echo \"error: The sandbox is not in sync with the Podfile.lock. Run 'pod install' or update your CocoaPods installation.\" >&2\n    exit 1\nfi\n# This output is used by Xcode 'outputs' to avoid re-running this script phase.\necho \"SUCCESS\" > \"${SCRIPT_OUTPUT_FILE_0}\"\n";
			showEnvVarsInLog = 0;
		};
		18DC8E39680375E6DE25CAF2 /* [Expo] Configure project */ = {
			isa = PBXShellScriptBuildPhase;
			alwaysOutOfDate = 1;
			buildActionMask = 2147483647;
			files = (
			);
			inputFileListPaths = (
			);
			inputPaths = (
			);
			name = "[Expo] Configure project";
			outputFileListPaths = (
			);
			outputPaths = (
			);
			runOnlyForDeploymentPostprocessing = 0;
			shellPath = /bin/sh;
			shellScript = "# This script configures Expo modules and generates the modules provider file.\nbash -l -c \"./Pods/Target\\ Support\\ Files/Pods-tsgcalendartest/expo-configure-project.sh\"\n";
		};
		800E24972A6A228C8D4807E9 /* [CP] Copy Pods Resources */ = {
			isa = PBXShellScriptBuildPhase;
			buildActionMask = 2147483647;
			files = (
			);
			inputPaths = (
				"${PODS_ROOT}/Target Support Files/Pods-tsgcalendartest/Pods-tsgcalendartest-resources.sh",
				"${PODS_CONFIGURATION_BUILD_DIR}/EXConstants/EXConstants.bundle",
				"${PODS_CONFIGURATION_BUILD_DIR}/EXConstants/ExpoConstants_privacy.bundle",
				"${PODS_CONFIGURATION_BUILD_DIR}/ExpoFileSystem/ExpoFileSystem_privacy.bundle",
				"${PODS_CONFIGURATION_BUILD_DIR}/React-Core/RCTI18nStrings.bundle",
			);
			name = "[CP] Copy Pods Resources";
			outputPaths = (
				"${TARGET_BUILD_DIR}/${UNLOCALIZED_RESOURCES_FOLDER_PATH}/EXConstants.bundle",
				"${TARGET_BUILD_DIR}/${UNLOCALIZED_RESOURCES_FOLDER_PATH}/ExpoConstants_privacy.bundle",
				"${TARGET_BUILD_DIR}/${UNLOCALIZED_RESOURCES_FOLDER_PATH}/ExpoFileSystem_privacy.bundle",
				"${TARGET_BUILD_DIR}/${UNLOCALIZED_RESOURCES_FOLDER_PATH}/RCTI18nStrings.bundle",
			);
			runOnlyForDeploymentPostprocessing = 0;
			shellPath = /bin/sh;
			shellScript = "\"${PODS_ROOT}/Target Support Files/Pods-tsgcalendartest/Pods-tsgcalendartest-resources.sh\"\n";
			showEnvVarsInLog = 0;
		};
		8121C78716B8DA7612A34AD0 /* [CP] Embed Pods Frameworks */ = {
			isa = PBXShellScriptBuildPhase;
			buildActionMask = 2147483647;
			files = (
			);
			inputPaths = (
				"${PODS_ROOT}/Target Support Files/Pods-tsgcalendartest/Pods-tsgcalendartest-frameworks.sh",
				"${PODS_XCFRAMEWORKS_BUILD_DIR}/hermes-engine/Pre-built/hermes.framework/hermes",
			);
			name = "[CP] Embed Pods Frameworks";
			outputPaths = (
				"${TARGET_BUILD_DIR}/${FRAMEWORKS_FOLDER_PATH}/hermes.framework",
			);
			runOnlyForDeploymentPostprocessing = 0;
			shellPath = /bin/sh;
			shellScript = "\"${PODS_ROOT}/Target Support Files/Pods-tsgcalendartest/Pods-tsgcalendartest-frameworks.sh\"\n";
			showEnvVarsInLog = 0;
		};
/* End PBXShellScriptBuildPhase section */

/* Begin PBXSourcesBuildPhase section */
		13B07F871A680F5B00A75B9A /* Sources */ = {
			isa = PBXSourcesBuildPhase;
			buildActionMask = 2147483647;
			files = (
				13B07FBC1A68108700A75B9A /* AppDelegate.mm in Sources */,
				13B07FC11A68108700A75B9A /* main.m in Sources */,
				B18059E884C0ABDD17F3DC3D /* ExpoModulesProvider.swift in Sources */,
			);
			runOnlyForDeploymentPostprocessing = 0;
		};
/* End PBXSourcesBuildPhase section */

/* Begin XCBuildConfiguration section */
		13B07F941A680F5B00A75B9A /* Debug */ = {
			isa = XCBuildConfiguration;
			baseConfigurationReference = 6C2E3173556A471DD304B334 /* Pods-tsgcalendartest.debug.xcconfig */;
			buildSettings = {
				ASSETCATALOG_COMPILER_APPICON_NAME = AppIcon;
				CLANG_ENABLE_MODULES = YES;
				CURRENT_PROJECT_VERSION = 1;
				ENABLE_BITCODE = NO;
				GCC_PREPROCESSOR_DEFINITIONS = (
					"$(inherited)",
					"FB_SONARKIT_ENABLED=1",
				);
				INFOPLIST_FILE = tsgcalendartest/Info.plist;
				IPHONEOS_DEPLOYMENT_TARGET = 13.4;
				LD_RUNPATH_SEARCH_PATHS = "$(inherited) @executable_path/Frameworks";
				MARKETING_VERSION = 1.0;
				OTHER_LDFLAGS = (
					"$(inherited)",
					"-ObjC",
					"-lc++",
				);
				OTHER_SWIFT_FLAGS = "$(inherited) -D EXPO_CONFIGURATION_DEBUG";
				PRODUCT_BUNDLE_IDENTIFIER = org.name.tsgcalendartest;
				PRODUCT_NAME = tsgcalendartest;
				SWIFT_OPTIMIZATION_LEVEL = "-Onone";
				SWIFT_VERSION = 5.0;
				VERSIONING_SYSTEM = "apple-generic";
			};
			name = Debug;
		};
		13B07F951A680F5B00A75B9A /* Release */ = {
			isa = XCBuildConfiguration;
			baseConfigurationReference = 7A4D352CD337FB3A3BF06240 /* Pods-tsgcalendartest.release.xcconfig */;
			buildSettings = {
				ASSETCATALOG_COMPILER_APPICON_NAME = AppIcon;
				CLANG_ENABLE_MODULES = YES;
				CURRENT_PROJECT_VERSION = 1;
				INFOPLIST_FILE = tsgcalendartest/Info.plist;
				IPHONEOS_DEPLOYMENT_TARGET = 13.4;
				LD_RUNPATH_SEARCH_PATHS = "$(inherited) @executable_path/Frameworks";
				MARKETING_VERSION = 1.0;
				OTHER_LDFLAGS = (
					"$(inherited)",
					"-ObjC",
					"-lc++",
				);
				OTHER_SWIFT_FLAGS = "$(inherited) -D EXPO_CONFIGURATION_RELEASE";
				PRODUCT_BUNDLE_IDENTIFIER = org.name.tsgcalendartest;
				PRODUCT_NAME = tsgcalendartest;
				SWIFT_VERSION = 5.0;
				VERSIONING_SYSTEM = "apple-generic";
			};
			name = Release;
		};
		83CBBA201A601CBA00E9B192 /* Debug */ = {
			isa = XCBuildConfiguration;
			buildSettings = {
				ALWAYS_SEARCH_USER_PATHS = NO;
				CC = "";
				CLANG_ANALYZER_LOCALIZABILITY_NONLOCALIZED = YES;
				CLANG_CXX_LANGUAGE_STANDARD = "c++20";
				CLANG_CXX_LIBRARY = "libc++";
				CLANG_ENABLE_MODULES = YES;
				CLANG_ENABLE_OBJC_ARC = YES;
				CLANG_WARN_BLOCK_CAPTURE_AUTORELEASING = YES;
				CLANG_WARN_BOOL_CONVERSION = YES;
				CLANG_WARN_COMMA = YES;
				CLANG_WARN_CONSTANT_CONVERSION = YES;
				CLANG_WARN_DEPRECATED_OBJC_IMPLEMENTATIONS = YES;
				CLANG_WARN_DIRECT_OBJC_ISA_USAGE = YES_ERROR;
				CLANG_WARN_EMPTY_BODY = YES;
				CLANG_WARN_ENUM_CONVERSION = YES;
				CLANG_WARN_INFINITE_RECURSION = YES;
				CLANG_WARN_INT_CONVERSION = YES;
				CLANG_WARN_NON_LITERAL_NULL_CONVERSION = YES;
				CLANG_WARN_OBJC_IMPLICIT_RETAIN_SELF = YES;
				CLANG_WARN_OBJC_LITERAL_CONVERSION = YES;
				CLANG_WARN_OBJC_ROOT_CLASS = YES_ERROR;
				CLANG_WARN_RANGE_LOOP_ANALYSIS = YES;
				CLANG_WARN_STRICT_PROTOTYPES = YES;
				CLANG_WARN_SUSPICIOUS_MOVE = YES;
				CLANG_WARN_UNREACHABLE_CODE = YES;
				CLANG_WARN__DUPLICATE_METHOD_MATCH = YES;
				"CODE_SIGN_IDENTITY[sdk=iphoneos*]" = "iPhone Developer";
				COPY_PHASE_STRIP = NO;
				CXX = "";
				ENABLE_STRICT_OBJC_MSGSEND = YES;
				ENABLE_TESTABILITY = YES;
				GCC_C_LANGUAGE_STANDARD = gnu99;
				GCC_DYNAMIC_NO_PIC = NO;
				GCC_NO_COMMON_BLOCKS = YES;
				GCC_OPTIMIZATION_LEVEL = 0;
				GCC_PREPROCESSOR_DEFINITIONS = (
					"DEBUG=1",
					"$(inherited)",
				);
				GCC_SYMBOLS_PRIVATE_EXTERN = NO;
				GCC_WARN_64_TO_32_BIT_CONVERSION = YES;
				GCC_WARN_ABOUT_RETURN_TYPE = YES_ERROR;
				GCC_WARN_UNDECLARED_SELECTOR = YES;
				GCC_WARN_UNINITIALIZED_AUTOS = YES_AGGRESSIVE;
				GCC_WARN_UNUSED_FUNCTION = YES;
				GCC_WARN_UNUSED_VARIABLE = YES;
				IPHONEOS_DEPLOYMENT_TARGET = 13.4;
				LD = "";
				LDPLUSPLUS = "";
				LD_RUNPATH_SEARCH_PATHS = "/usr/lib/swift $(inherited)";
				LIBRARY_SEARCH_PATHS = "$(SDKROOT)/usr/lib/swift\"$(inherited)\"";
				MTL_ENABLE_DEBUG_INFO = YES;
				ONLY_ACTIVE_ARCH = YES;
				OTHER_LDFLAGS = (
					"$(inherited)",
					"-Wl",
					"-ld_classic",
				);
				REACT_NATIVE_PATH = "${PODS_ROOT}/../../node_modules/react-native";
				SDKROOT = iphoneos;
				USE_HERMES = true;
			};
			name = Debug;
		};
		83CBBA211A601CBA00E9B192 /* Release */ = {
			isa = XCBuildConfiguration;
			buildSettings = {
				ALWAYS_SEARCH_USER_PATHS = NO;
				CC = "";
				CLANG_ANALYZER_LOCALIZABILITY_NONLOCALIZED = YES;
				CLANG_CXX_LANGUAGE_STANDARD = "c++20";
				CLANG_CXX_LIBRARY = "libc++";
				CLANG_ENABLE_MODULES = YES;
				CLANG_ENABLE_OBJC_ARC = YES;
				CLANG_WARN_BLOCK_CAPTURE_AUTORELEASING = YES;
				CLANG_WARN_BOOL_CONVERSION = YES;
				CLANG_WARN_COMMA = YES;
				CLANG_WARN_CONSTANT_CONVERSION = YES;
				CLANG_WARN_DEPRECATED_OBJC_IMPLEMENTATIONS = YES;
				CLANG_WARN_DIRECT_OBJC_ISA_USAGE = YES_ERROR;
				CLANG_WARN_EMPTY_BODY = YES;
				CLANG_WARN_ENUM_CONVERSION = YES;
				CLANG_WARN_INFINITE_RECURSION = YES;
				CLANG_WARN_INT_CONVERSION = YES;
				CLANG_WARN_NON_LITERAL_NULL_CONVERSION = YES;
				CLANG_WARN_OBJC_IMPLICIT_RETAIN_SELF = YES;
				CLANG_WARN_OBJC_LITERAL_CONVERSION = YES;
				CLANG_WARN_OBJC_ROOT_CLASS = YES_ERROR;
				CLANG_WARN_RANGE_LOOP_ANALYSIS = YES;
				CLANG_WARN_STRICT_PROTOTYPES = YES;
				CLANG_WARN_SUSPICIOUS_MOVE = YES;
				CLANG_WARN_UNREACHABLE_CODE = YES;
				CLANG_WARN__DUPLICATE_METHOD_MATCH = YES;
				"CODE_SIGN_IDENTITY[sdk=iphoneos*]" = "iPhone Developer";
				COPY_PHASE_STRIP = YES;
				CXX = "";
				ENABLE_NS_ASSERTIONS = NO;
				ENABLE_STRICT_OBJC_MSGSEND = YES;
				GCC_C_LANGUAGE_STANDARD = gnu99;
				GCC_NO_COMMON_BLOCKS = YES;
				GCC_WARN_64_TO_32_BIT_CONVERSION = YES;
				GCC_WARN_ABOUT_RETURN_TYPE = YES_ERROR;
				GCC_WARN_UNDECLARED_SELECTOR = YES;
				GCC_WARN_UNINITIALIZED_AUTOS = YES_AGGRESSIVE;
				GCC_WARN_UNUSED_FUNCTION = YES;
				GCC_WARN_UNUSED_VARIABLE = YES;
				IPHONEOS_DEPLOYMENT_TARGET = 13.4;
				LD = "";
				LDPLUSPLUS = "";
				LD_RUNPATH_SEARCH_PATHS = "/usr/lib/swift $(inherited)";
				LIBRARY_SEARCH_PATHS = "$(SDKROOT)/usr/lib/swift\"$(inherited)\"";
				MTL_ENABLE_DEBUG_INFO = NO;
				OTHER_LDFLAGS = (
					"$(inherited)",
					"-Wl",
					"-ld_classic",
				);
				REACT_NATIVE_PATH = "${PODS_ROOT}/../../node_modules/react-native";
				SDKROOT = iphoneos;
				USE_HERMES = true;
				VALIDATE_PRODUCT = YES;
			};
			name = Release;
		};
/* End XCBuildConfiguration section */

/* Begin XCConfigurationList section */
		13B07F931A680F5B00A75B9A /* Build configuration list for PBXNativeTarget "tsgcalendartest" */ = {
			isa = XCConfigurationList;
			buildConfigurations = (
				13B07F941A680F5B00A75B9A /* Debug */,
				13B07F951A680F5B00A75B9A /* Release */,
			);
			defaultConfigurationIsVisible = 0;
			defaultConfigurationName = Release;
		};
		83CBB9FA1A601CBA00E9B192 /* Build configuration list for PBXProject "tsgcalendartest" */ = {
			isa = XCConfigurationList;
			buildConfigurations = (
				83CBBA201A601CBA00E9B192 /* Debug */,
				83CBBA211A601CBA00E9B192 /* Release */,
			);
			defaultConfigurationIsVisible = 0;
			defaultConfigurationName = Release;
		};
/* End XCConfigurationList section */
	};
	rootObject = 83CBB9F71A601CBA00E9B192 /* Project object */;
}
